
Microsoft Visual Studio Solution File, Format Version 12.00
# Visual Studio 15
VisualStudioVersion = 15.0.26730.12
MinimumVisualStudioVersion = 10.0.40219.1
Project("{FAE04EC0-301F-11D3-BF4B-00C04F79EFBC}") = "AspNetCoreMvcCryptoValueProvider", "AspNetCoreMvcCryptoValueProvider\AspNetCoreMvcCryptoValueProvider.csproj", "{7885559C-9962-443E-A34F-E7387BCD3457}"
EndProject
Global
	GlobalSection(SolutionConfigurationPlatforms) = preSolution
		Debug|Any CPU = Debug|Any CPU
		Release|Any CPU = Release|Any CPU
	EndGlobalSection
	GlobalSection(ProjectConfigurationPlatforms) = postSolution
		{7885559C-9962-443E-A34F-E7387BCD3457}.Debug|Any CPU.ActiveCfg = Debug|Any CPU
		{7885559C-9962-443E-A34F-E7387BCD3457}.Debug|Any CPU.Build.0 = Debug|Any CPU
		{7885559C-9962-443E-A34F-E7387BCD3457}.Release|Any CPU.ActiveCfg = Release|Any CPU
		{7885559C-9962-443E-A34F-E7387BCD3457}.Release|Any CPU.Build.0 = Release|Any CPU
	EndGlobalSection
	GlobalSection(SolutionProperties) = preSolution
		HideSolutionNode = FALSE
	EndGlobalSection
	GlobalSection(ExtensibilityGlobals) = postSolution
		SolutionGuid = {70A18060-662C-4724-9E89-75493DCF50DE}
	EndGlobalSection
EndGlobal
